
Microsoft Visual Studio Solution File, Format Version 12.00
# Visual Studio 2013
VisualStudioVersion = 12.0.21005.1
MinimumVisualStudioVersion = 10.0.40219.1
Project("{FAE04EC0-301F-11D3-BF4B-00C04F79EFBC}") = "版本二客户端", "版本二客户端\版本二客户端.csproj", "{E8EFD573-CE16-4BE0-ACDF-9C650B7BBA0E}"
EndProject
Global
	GlobalSection(SolutionConfigurationPlatforms) = preSolution
		Debug|Any CPU = Debug|Any CPU
		Release|Any CPU = Release|Any CPU
	EndGlobalSection
	GlobalSection(ProjectConfigurationPlatforms) = postSolution
		{E8EFD573-CE16-4BE0-ACDF-9C650B7BBA0E}.Debug|Any CPU.ActiveCfg = Debug|Any CPU
		{E8EFD573-CE16-4BE0-ACDF-9C650B7BBA0E}.Debug|Any CPU.Build.0 = Debug|Any CPU
		{E8EFD573-CE16-4BE0-ACDF-9C650B7BBA0E}.Release|Any CPU.ActiveCfg = Release|Any CPU
		{E8EFD573-CE16-4BE0-ACDF-9C650B7BBA0E}.Release|Any CPU.Build.0 = Release|Any CPU
	EndGlobalSection
	GlobalSection(SolutionProperties) = preSolution
		HideSolutionNode = FALSE
	EndGlobalSection
EndGlobal
